// !$*UTF8*$!
{
	archiveVersion = 1;
	classes = {
	};
	objectVersion = 56;
	objects = {

/* Begin PBXBuildFile section */
		95318B75298827B90010090A /* Models in Frameworks */ = {isa = PBXBuildFile; productRef = 95318B74298827B90010090A /* Models */; };
		95318B79298828140010090A /* StandupsListFeature in Frameworks */ = {isa = PBXBuildFile; productRef = 95318B78298828140010090A /* StandupsListFeature */; };
		95B4B7A3299A966A0072FDE3 /* StandupsTabView.swift in Sources */ = {isa = PBXBuildFile; fileRef = 95B4B7A2299A966A0072FDE3 /* StandupsTabView.swift */; };
		95B4B7A6299A969E0072FDE3 /* StandupsTabModel.swift in Sources */ = {isa = PBXBuildFile; fileRef = 95B4B7A5299A969E0072FDE3 /* StandupsTabModel.swift */; };
		95B4B7A9299A9B490072FDE3 /* ProfileTabModel.swift in Sources */ = {isa = PBXBuildFile; fileRef = 95B4B7A8299A9B490072FDE3 /* ProfileTabModel.swift */; };
		95B4B7AB299A9B500072FDE3 /* ProfileTabView.swift in Sources */ = {isa = PBXBuildFile; fileRef = 95B4B7AA299A9B500072FDE3 /* ProfileTabView.swift */; };
		95C9609529949FB40092A978 /* AppModel.swift in Sources */ = {isa = PBXBuildFile; fileRef = 95C9609429949FB40092A978 /* AppModel.swift */; };
		BCBB2EB92997708F00AFB02F /* StandupDetailFeature in Frameworks */ = {isa = PBXBuildFile; productRef = BCBB2EB82997708F00AFB02F /* StandupDetailFeature */; };
		BCBB2EBB2997FEA200AFB02F /* RecordStandupFeature in Frameworks */ = {isa = PBXBuildFile; productRef = BCBB2EBA2997FEA200AFB02F /* RecordStandupFeature */; };
		BCBB2EBE2998182E00AFB02F /* EditStandupFeature in Frameworks */ = {isa = PBXBuildFile; productRef = BCBB2EBD2998182E00AFB02F /* EditStandupFeature */; };
		BCBB2EC129981F9400AFB02F /* StandupTabPathComponent.swift in Sources */ = {isa = PBXBuildFile; fileRef = BCBB2EC029981F9400AFB02F /* StandupTabPathComponent.swift */; };
		BCBB2EC329981F9D00AFB02F /* StandupTabDestination.swift in Sources */ = {isa = PBXBuildFile; fileRef = BCBB2EC229981F9D00AFB02F /* StandupTabDestination.swift */; };
		CA7A2841291F5BF0003B349D /* App.swift in Sources */ = {isa = PBXBuildFile; fileRef = CA7A2840291F5BF0003B349D /* App.swift */; };
/* End PBXBuildFile section */

/* Begin PBXFileReference section */
		4B1E727629283445008B1AAB /* Info.plist */ = {isa = PBXFileReference; lastKnownFileType = text.plist; path = Info.plist; sourceTree = "<group>"; };
		95318B7A298828280010090A /* Documentation */ = {isa = PBXFileReference; lastKnownFileType = folder; path = Documentation; sourceTree = "<group>"; };
		957E166F29841A4500BB8F88 /* Features */ = {isa = PBXFileReference; lastKnownFileType = wrapper; path = Features; sourceTree = "<group>"; };
		95B4B7A2299A966A0072FDE3 /* StandupsTabView.swift */ = {isa = PBXFileReference; lastKnownFileType = sourcecode.swift; path = StandupsTabView.swift; sourceTree = "<group>"; };
		95B4B7A5299A969E0072FDE3 /* StandupsTabModel.swift */ = {isa = PBXFileReference; lastKnownFileType = sourcecode.swift; path = StandupsTabModel.swift; sourceTree = "<group>"; };
		95B4B7A8299A9B490072FDE3 /* ProfileTabModel.swift */ = {isa = PBXFileReference; lastKnownFileType = sourcecode.swift; path = ProfileTabModel.swift; sourceTree = "<group>"; };
		95B4B7AA299A9B500072FDE3 /* ProfileTabView.swift */ = {isa = PBXFileReference; lastKnownFileType = sourcecode.swift; path = ProfileTabView.swift; sourceTree = "<group>"; };
		95C9609429949FB40092A978 /* AppModel.swift */ = {isa = PBXFileReference; lastKnownFileType = sourcecode.swift; path = AppModel.swift; sourceTree = "<group>"; };
		BCBB2EBC299813C500AFB02F /* Assets.xcassets */ = {isa = PBXFileReference; lastKnownFileType = folder.assetcatalog; path = Assets.xcassets; sourceTree = "<group>"; };
		BCBB2EC029981F9400AFB02F /* StandupTabPathComponent.swift */ = {isa = PBXFileReference; lastKnownFileType = sourcecode.swift; path = StandupTabPathComponent.swift; sourceTree = "<group>"; };
		BCBB2EC229981F9D00AFB02F /* StandupTabDestination.swift */ = {isa = PBXFileReference; lastKnownFileType = sourcecode.swift; path = StandupTabDestination.swift; sourceTree = "<group>"; };
		CA7A283D291F5BF0003B349D /* Standups.app */ = {isa = PBXFileReference; explicitFileType = wrapper.application; includeInIndex = 0; path = Standups.app; sourceTree = BUILT_PRODUCTS_DIR; };
		CA7A2840291F5BF0003B349D /* App.swift */ = {isa = PBXFileReference; lastKnownFileType = sourcecode.swift; path = App.swift; sourceTree = "<group>"; };
/* End PBXFileReference section */

/* Begin PBXFrameworksBuildPhase section */
		CA7A283A291F5BF0003B349D /* Frameworks */ = {
			isa = PBXFrameworksBuildPhase;
			buildActionMask = 2147483647;
			files = (
				95318B75298827B90010090A /* Models in Frameworks */,
				BCBB2EB92997708F00AFB02F /* StandupDetailFeature in Frameworks */,
				BCBB2EBE2998182E00AFB02F /* EditStandupFeature in Frameworks */,
				BCBB2EBB2997FEA200AFB02F /* RecordStandupFeature in Frameworks */,
				95318B79298828140010090A /* StandupsListFeature in Frameworks */,
			);
			runOnlyForDeploymentPostprocessing = 0;
		};
/* End PBXFrameworksBuildPhase section */

/* Begin PBXGroup section */
		953B5B64298446B600671C9B /* Frameworks */ = {
			isa = PBXGroup;
			children = (
			);
			name = Frameworks;
			sourceTree = "<group>";
		};
		95B4B7A4299A968E0072FDE3 /* StandupsTab */ = {
			isa = PBXGroup;
			children = (
				95B4B7A5299A969E0072FDE3 /* StandupsTabModel.swift */,
				95B4B7A2299A966A0072FDE3 /* StandupsTabView.swift */,
				BCBB2EC229981F9D00AFB02F /* StandupTabDestination.swift */,
				BCBB2EC029981F9400AFB02F /* StandupTabPathComponent.swift */,
			);
			path = StandupsTab;
			sourceTree = "<group>";
		};
		95B4B7A7299A9B3B0072FDE3 /* ProfileTab */ = {
			isa = PBXGroup;
			children = (
				95B4B7A8299A9B490072FDE3 /* ProfileTabModel.swift */,
				95B4B7AA299A9B500072FDE3 /* ProfileTabView.swift */,
			);
			path = ProfileTab;
			sourceTree = "<group>";
		};
		CA7A2834291F5BF0003B349D = {
			isa = PBXGroup;
			children = (
				95318B7A298828280010090A /* Documentation */,
				957E166F29841A4500BB8F88 /* Features */,
				953B5B64298446B600671C9B /* Frameworks */,
				CA7A283E291F5BF0003B349D /* Products */,
				CA7A283F291F5BF0003B349D /* Standups */,
			);
			sourceTree = "<group>";
		};
		CA7A283E291F5BF0003B349D /* Products */ = {
			isa = PBXGroup;
			children = (
				CA7A283D291F5BF0003B349D /* Standups.app */,
			);
			name = Products;
			sourceTree = "<group>";
		};
		CA7A283F291F5BF0003B349D /* Standups */ = {
			isa = PBXGroup;
			children = (
				4B1E727629283445008B1AAB /* Info.plist */,
				CA7A2840291F5BF0003B349D /* App.swift */,
				95C9609429949FB40092A978 /* AppModel.swift */,
				BCBB2EBC299813C500AFB02F /* Assets.xcassets */,
				95B4B7A7299A9B3B0072FDE3 /* ProfileTab */,
				95B4B7A4299A968E0072FDE3 /* StandupsTab */,
			);
			path = Standups;
			sourceTree = "<group>";
		};
/* End PBXGroup section */

/* Begin PBXNativeTarget section */
		CA7A283C291F5BF0003B349D /* Standups */ = {
			isa = PBXNativeTarget;
			buildConfigurationList = CA7A2861291F5BF2003B349D /* Build configuration list for PBXNativeTarget "Standups" */;
			buildPhases = (
				CA7A2839291F5BF0003B349D /* Sources */,
				CA7A283A291F5BF0003B349D /* Frameworks */,
				CA7A283B291F5BF0003B349D /* Resources */,
			);
			buildRules = (
			);
			dependencies = (
			);
			name = Standups;
			packageProductDependencies = (
				95318B74298827B90010090A /* Models */,
				95318B78298828140010090A /* StandupsListFeature */,
				BCBB2EB82997708F00AFB02F /* StandupDetailFeature */,
				BCBB2EBA2997FEA200AFB02F /* RecordStandupFeature */,
				BCBB2EBD2998182E00AFB02F /* EditStandupFeature */,
			);
			productName = Standups;
			productReference = CA7A283D291F5BF0003B349D /* Standups.app */;
			productType = "com.apple.product-type.application";
		};
/* End PBXNativeTarget section */

/* Begin PBXProject section */
		CA7A2835291F5BF0003B349D /* Project object */ = {
			isa = PBXProject;
			attributes = {
				BuildIndependentTargetsInParallel = 1;
				LastSwiftUpdateCheck = 1410;
				LastUpgradeCheck = 1410;
				TargetAttributes = {
					CA7A283C291F5BF0003B349D = {
						CreatedOnToolsVersion = 14.1;
					};
				};
			};
			buildConfigurationList = CA7A2838291F5BF0003B349D /* Build configuration list for PBXProject "Standups" */;
			compatibilityVersion = "Xcode 14.0";
			developmentRegion = en;
			hasScannedForEncodings = 0;
			knownRegions = (
				en,
				Base,
			);
			mainGroup = CA7A2834291F5BF0003B349D;
			packageReferences = (
				4B40B60629256A4900FDDBB3 /* XCRemoteSwiftPackageReference "swift-tagged" */,
				2A17B9C92925763700E29B7B /* XCRemoteSwiftPackageReference "swiftui-navigation" */,
				4B1E72712928077C008B1AAB /* XCRemoteSwiftPackageReference "swift-identified-collections" */,
				2A36A0E22928481A0010A8ED /* XCRemoteSwiftPackageReference "swift-clocks" */,
				4B6BE83529284C240034B98D /* XCRemoteSwiftPackageReference "swift-dependencies" */,
			);
			productRefGroup = CA7A283E291F5BF0003B349D /* Products */;
			projectDirPath = "";
			projectRoot = "";
			targets = (
				CA7A283C291F5BF0003B349D /* Standups */,
			);
		};
/* End PBXProject section */

/* Begin PBXResourcesBuildPhase section */
		CA7A283B291F5BF0003B349D /* Resources */ = {
			isa = PBXResourcesBuildPhase;
			buildActionMask = 2147483647;
			files = (
			);
			runOnlyForDeploymentPostprocessing = 0;
		};
/* End PBXResourcesBuildPhase section */

/* Begin PBXSourcesBuildPhase section */
		CA7A2839291F5BF0003B349D /* Sources */ = {
			isa = PBXSourcesBuildPhase;
			buildActionMask = 2147483647;
			files = (
				CA7A2841291F5BF0003B349D /* App.swift in Sources */,
				95B4B7A6299A969E0072FDE3 /* StandupsTabModel.swift in Sources */,
				95B4B7AB299A9B500072FDE3 /* ProfileTabView.swift in Sources */,
				95B4B7A3299A966A0072FDE3 /* StandupsTabView.swift in Sources */,
				95B4B7A9299A9B490072FDE3 /* ProfileTabModel.swift in Sources */,
				BCBB2EC129981F9400AFB02F /* StandupTabPathComponent.swift in Sources */,
				95C9609529949FB40092A978 /* AppModel.swift in Sources */,
				BCBB2EC329981F9D00AFB02F /* StandupTabDestination.swift in Sources */,
			);
			runOnlyForDeploymentPostprocessing = 0;
		};
/* End PBXSourcesBuildPhase section */

/* Begin XCBuildConfiguration section */
		CA7A285F291F5BF2003B349D /* Debug */ = {
			isa = XCBuildConfiguration;
			buildSettings = {
				ALWAYS_SEARCH_USER_PATHS = NO;
				CLANG_ANALYZER_NONNULL = YES;
				CLANG_ANALYZER_NUMBER_OBJECT_CONVERSION = YES_AGGRESSIVE;
				CLANG_CXX_LANGUAGE_STANDARD = "gnu++20";
				CLANG_ENABLE_MODULES = YES;
				CLANG_ENABLE_OBJC_ARC = YES;
				CLANG_ENABLE_OBJC_WEAK = YES;
				CLANG_WARN_BLOCK_CAPTURE_AUTORELEASING = YES;
				CLANG_WARN_BOOL_CONVERSION = YES;
				CLANG_WARN_COMMA = YES;
				CLANG_WARN_CONSTANT_CONVERSION = YES;
				CLANG_WARN_DEPRECATED_OBJC_IMPLEMENTATIONS = YES;
				CLANG_WARN_DIRECT_OBJC_ISA_USAGE = YES_ERROR;
				CLANG_WARN_DOCUMENTATION_COMMENTS = YES;
				CLANG_WARN_EMPTY_BODY = YES;
				CLANG_WARN_ENUM_CONVERSION = YES;
				CLANG_WARN_INFINITE_RECURSION = YES;
				CLANG_WARN_INT_CONVERSION = YES;
				CLANG_WARN_NON_LITERAL_NULL_CONVERSION = YES;
				CLANG_WARN_OBJC_IMPLICIT_RETAIN_SELF = YES;
				CLANG_WARN_OBJC_LITERAL_CONVERSION = YES;
				CLANG_WARN_OBJC_ROOT_CLASS = YES_ERROR;
				CLANG_WARN_QUOTED_INCLUDE_IN_FRAMEWORK_HEADER = YES;
				CLANG_WARN_RANGE_LOOP_ANALYSIS = YES;
				CLANG_WARN_STRICT_PROTOTYPES = YES;
				CLANG_WARN_SUSPICIOUS_MOVE = YES;
				CLANG_WARN_UNGUARDED_AVAILABILITY = YES_AGGRESSIVE;
				CLANG_WARN_UNREACHABLE_CODE = YES;
				CLANG_WARN__DUPLICATE_METHOD_MATCH = YES;
				COPY_PHASE_STRIP = NO;
				DEBUG_INFORMATION_FORMAT = dwarf;
				ENABLE_STRICT_OBJC_MSGSEND = YES;
				ENABLE_TESTABILITY = YES;
				GCC_C_LANGUAGE_STANDARD = gnu11;
				GCC_DYNAMIC_NO_PIC = NO;
				GCC_NO_COMMON_BLOCKS = YES;
				GCC_OPTIMIZATION_LEVEL = 0;
				GCC_PREPROCESSOR_DEFINITIONS = (
					"DEBUG=1",
					"$(inherited)",
				);
				GCC_WARN_64_TO_32_BIT_CONVERSION = YES;
				GCC_WARN_ABOUT_RETURN_TYPE = YES_ERROR;
				GCC_WARN_UNDECLARED_SELECTOR = YES;
				GCC_WARN_UNINITIALIZED_AUTOS = YES_AGGRESSIVE;
				GCC_WARN_UNUSED_FUNCTION = YES;
				GCC_WARN_UNUSED_VARIABLE = YES;
				IPHONEOS_DEPLOYMENT_TARGET = 16.1;
				MTL_ENABLE_DEBUG_INFO = INCLUDE_SOURCE;
				MTL_FAST_MATH = YES;
				ONLY_ACTIVE_ARCH = YES;
				SDKROOT = iphoneos;
				SWIFT_ACTIVE_COMPILATION_CONDITIONS = DEBUG;
				SWIFT_OPTIMIZATION_LEVEL = "-Onone";
				SWIFT_STRICT_CONCURRENCY = complete;
			};
			name = Debug;
		};
		CA7A2860291F5BF2003B349D /* Release */ = {
			isa = XCBuildConfiguration;
			buildSettings = {
				ALWAYS_SEARCH_USER_PATHS = NO;
				CLANG_ANALYZER_NONNULL = YES;
				CLANG_ANALYZER_NUMBER_OBJECT_CONVERSION = YES_AGGRESSIVE;
				CLANG_CXX_LANGUAGE_STANDARD = "gnu++20";
				CLANG_ENABLE_MODULES = YES;
				CLANG_ENABLE_OBJC_ARC = YES;
				CLANG_ENABLE_OBJC_WEAK = YES;
				CLANG_WARN_BLOCK_CAPTURE_AUTORELEASING = YES;
				CLANG_WARN_BOOL_CONVERSION = YES;
				CLANG_WARN_COMMA = YES;
				CLANG_WARN_CONSTANT_CONVERSION = YES;
				CLANG_WARN_DEPRECATED_OBJC_IMPLEMENTATIONS = YES;
				CLANG_WARN_DIRECT_OBJC_ISA_USAGE = YES_ERROR;
				CLANG_WARN_DOCUMENTATION_COMMENTS = YES;
				CLANG_WARN_EMPTY_BODY = YES;
				CLANG_WARN_ENUM_CONVERSION = YES;
				CLANG_WARN_INFINITE_RECURSION = YES;
				CLANG_WARN_INT_CONVERSION = YES;
				CLANG_WARN_NON_LITERAL_NULL_CONVERSION = YES;
				CLANG_WARN_OBJC_IMPLICIT_RETAIN_SELF = YES;
				CLANG_WARN_OBJC_LITERAL_CONVERSION = YES;
				CLANG_WARN_OBJC_ROOT_CLASS = YES_ERROR;
				CLANG_WARN_QUOTED_INCLUDE_IN_FRAMEWORK_HEADER = YES;
				CLANG_WARN_RANGE_LOOP_ANALYSIS = YES;
				CLANG_WARN_STRICT_PROTOTYPES = YES;
				CLANG_WARN_SUSPICIOUS_MOVE = YES;
				CLANG_WARN_UNGUARDED_AVAILABILITY = YES_AGGRESSIVE;
				CLANG_WARN_UNREACHABLE_CODE = YES;
				CLANG_WARN__DUPLICATE_METHOD_MATCH = YES;
				COPY_PHASE_STRIP = NO;
				DEBUG_INFORMATION_FORMAT = "dwarf-with-dsym";
				ENABLE_NS_ASSERTIONS = NO;
				ENABLE_STRICT_OBJC_MSGSEND = YES;
				GCC_C_LANGUAGE_STANDARD = gnu11;
				GCC_NO_COMMON_BLOCKS = YES;
				GCC_WARN_64_TO_32_BIT_CONVERSION = YES;
				GCC_WARN_ABOUT_RETURN_TYPE = YES_ERROR;
				GCC_WARN_UNDECLARED_SELECTOR = YES;
				GCC_WARN_UNINITIALIZED_AUTOS = YES_AGGRESSIVE;
				GCC_WARN_UNUSED_FUNCTION = YES;
				GCC_WARN_UNUSED_VARIABLE = YES;
				IPHONEOS_DEPLOYMENT_TARGET = 16.1;
				MTL_ENABLE_DEBUG_INFO = NO;
				MTL_FAST_MATH = YES;
				SDKROOT = iphoneos;
				SWIFT_COMPILATION_MODE = wholemodule;
				SWIFT_OPTIMIZATION_LEVEL = "-O";
				SWIFT_STRICT_CONCURRENCY = complete;
				VALIDATE_PRODUCT = YES;
			};
			name = Release;
		};
		CA7A2862291F5BF2003B349D /* Debug */ = {
			isa = XCBuildConfiguration;
			buildSettings = {
				ASSETCATALOG_COMPILER_APPICON_NAME = AppIcon;
				ASSETCATALOG_COMPILER_GLOBAL_ACCENT_COLOR_NAME = AccentColor;
				CODE_SIGN_IDENTITY = "Apple Development";
				CODE_SIGN_STYLE = Automatic;
				CURRENT_PROJECT_VERSION = 1;
				DEVELOPMENT_TEAM = 5776U8RVY7;
				ENABLE_PREVIEWS = YES;
				GENERATE_INFOPLIST_FILE = YES;
				INFOPLIST_FILE = Standups/Info.plist;
				INFOPLIST_KEY_CFBundleDisplayName = Standups;
				INFOPLIST_KEY_NSSpeechRecognitionUsageDescription = "To transcribe meeting notes.";
				INFOPLIST_KEY_UIApplicationSceneManifest_Generation = YES;
				INFOPLIST_KEY_UIApplicationSupportsIndirectInputEvents = YES;
				INFOPLIST_KEY_UILaunchScreen_Generation = YES;
				INFOPLIST_KEY_UISupportedInterfaceOrientations_iPad = "UIInterfaceOrientationPortrait UIInterfaceOrientationPortraitUpsideDown UIInterfaceOrientationLandscapeLeft UIInterfaceOrientationLandscapeRight";
				INFOPLIST_KEY_UISupportedInterfaceOrientations_iPhone = "UIInterfaceOrientationPortrait UIInterfaceOrientationLandscapeLeft UIInterfaceOrientationLandscapeRight";
				IPHONEOS_DEPLOYMENT_TARGET = 16.0;
				LD_RUNPATH_SEARCH_PATHS = (
					"$(inherited)",
					"@executable_path/Frameworks",
				);
				MARKETING_VERSION = 1.0;
				PRODUCT_BUNDLE_IDENTIFIER = "com.modern-swiftui.case-study";
				PRODUCT_NAME = "$(TARGET_NAME)";
				PROVISIONING_PROFILE_SPECIFIER = "";
				SUPPORTED_PLATFORMS = "iphoneos iphonesimulator";
				SUPPORTS_MACCATALYST = NO;
				SUPPORTS_MAC_DESIGNED_FOR_IPHONE_IPAD = NO;
				SWIFT_EMIT_LOC_STRINGS = YES;
				SWIFT_VERSION = 5.0;
				TARGETED_DEVICE_FAMILY = "1,2";
			};
			name = Debug;
		};
		CA7A2863291F5BF2003B349D /* Release */ = {
			isa = XCBuildConfiguration;
			buildSettings = {
				ASSETCATALOG_COMPILER_APPICON_NAME = AppIcon;
				ASSETCATALOG_COMPILER_GLOBAL_ACCENT_COLOR_NAME = AccentColor;
				CODE_SIGN_IDENTITY = "Apple Development";
				CODE_SIGN_STYLE = Automatic;
				CURRENT_PROJECT_VERSION = 1;
				DEVELOPMENT_TEAM = 5776U8RVY7;
				ENABLE_PREVIEWS = YES;
				GENERATE_INFOPLIST_FILE = YES;
				INFOPLIST_FILE = Standups/Info.plist;
				INFOPLIST_KEY_CFBundleDisplayName = Standups;
				INFOPLIST_KEY_NSSpeechRecognitionUsageDescription = "To transcribe meeting notes.";
				INFOPLIST_KEY_UIApplicationSceneManifest_Generation = YES;
				INFOPLIST_KEY_UIApplicationSupportsIndirectInputEvents = YES;
				INFOPLIST_KEY_UILaunchScreen_Generation = YES;
				INFOPLIST_KEY_UISupportedInterfaceOrientations_iPad = "UIInterfaceOrientationPortrait UIInterfaceOrientationPortraitUpsideDown UIInterfaceOrientationLandscapeLeft UIInterfaceOrientationLandscapeRight";
				INFOPLIST_KEY_UISupportedInterfaceOrientations_iPhone = "UIInterfaceOrientationPortrait UIInterfaceOrientationLandscapeLeft UIInterfaceOrientationLandscapeRight";
				IPHONEOS_DEPLOYMENT_TARGET = 16.0;
				LD_RUNPATH_SEARCH_PATHS = (
					"$(inherited)",
					"@executable_path/Frameworks",
				);
				MARKETING_VERSION = 1.0;
				PRODUCT_BUNDLE_IDENTIFIER = "com.modern-swiftui.case-study";
				PRODUCT_NAME = "$(TARGET_NAME)";
				PROVISIONING_PROFILE_SPECIFIER = "";
				SUPPORTED_PLATFORMS = "iphoneos iphonesimulator";
				SUPPORTS_MACCATALYST = NO;
				SUPPORTS_MAC_DESIGNED_FOR_IPHONE_IPAD = NO;
				SWIFT_EMIT_LOC_STRINGS = YES;
				SWIFT_VERSION = 5.0;
				TARGETED_DEVICE_FAMILY = "1,2";
			};
			name = Release;
		};
/* End XCBuildConfiguration section */

/* Begin XCConfigurationList section */
		CA7A2838291F5BF0003B349D /* Build configuration list for PBXProject "Standups" */ = {
			isa = XCConfigurationList;
			buildConfigurations = (
				CA7A285F291F5BF2003B349D /* Debug */,
				CA7A2860291F5BF2003B349D /* Release */,
			);
			defaultConfigurationIsVisible = 0;
			defaultConfigurationName = Release;
		};
		CA7A2861291F5BF2003B349D /* Build configuration list for PBXNativeTarget "Standups" */ = {
			isa = XCConfigurationList;
			buildConfigurations = (
				CA7A2862291F5BF2003B349D /* Debug */,
				CA7A2863291F5BF2003B349D /* Release */,
			);
			defaultConfigurationIsVisible = 0;
			defaultConfigurationName = Release;
		};
/* End XCConfigurationList section */

/* Begin XCRemoteSwiftPackageReference section */
		2A17B9C92925763700E29B7B /* XCRemoteSwiftPackageReference "swiftui-navigation" */ = {
			isa = XCRemoteSwiftPackageReference;
			repositoryURL = "https://github.com/pointfreeco/swiftui-navigation.git";
			requirement = {
				branch = 0.4.0;
				kind = branch;
			};
		};
		2A36A0E22928481A0010A8ED /* XCRemoteSwiftPackageReference "swift-clocks" */ = {
			isa = XCRemoteSwiftPackageReference;
			repositoryURL = "https://github.com/pointfreeco/swift-clocks";
			requirement = {
				kind = upToNextMajorVersion;
				minimumVersion = 0.2.0;
			};
		};
		4B1E72712928077C008B1AAB /* XCRemoteSwiftPackageReference "swift-identified-collections" */ = {
			isa = XCRemoteSwiftPackageReference;
			repositoryURL = "https://github.com/pointfreeco/swift-identified-collections.git";
			requirement = {
				kind = upToNextMajorVersion;
				minimumVersion = 0.5.0;
			};
		};
		4B40B60629256A4900FDDBB3 /* XCRemoteSwiftPackageReference "swift-tagged" */ = {
			isa = XCRemoteSwiftPackageReference;
			repositoryURL = "https://github.com/pointfreeco/swift-tagged.git";
			requirement = {
				kind = upToNextMajorVersion;
				minimumVersion = 0.8.0;
			};
		};
		4B6BE83529284C240034B98D /* XCRemoteSwiftPackageReference "swift-dependencies" */ = {
			isa = XCRemoteSwiftPackageReference;
			repositoryURL = "https://github.com/pointfreeco/swift-dependencies";
			requirement = {
				kind = upToNextMajorVersion;
				minimumVersion = 0.1.0;
			};
		};
/* End XCRemoteSwiftPackageReference section */

/* Begin XCSwiftPackageProductDependency section */
		95318B74298827B90010090A /* Models */ = {
			isa = XCSwiftPackageProductDependency;
			productName = Models;
		};
		95318B78298828140010090A /* StandupsListFeature */ = {
			isa = XCSwiftPackageProductDependency;
			productName = StandupsListFeature;
		};
		BCBB2EB82997708F00AFB02F /* StandupDetailFeature */ = {
			isa = XCSwiftPackageProductDependency;
			productName = StandupDetailFeature;
		};
		BCBB2EBA2997FEA200AFB02F /* RecordStandupFeature */ = {
			isa = XCSwiftPackageProductDependency;
			productName = RecordStandupFeature;
		};
		BCBB2EBD2998182E00AFB02F /* EditStandupFeature */ = {
			isa = XCSwiftPackageProductDependency;
			productName = EditStandupFeature;
		};
/* End XCSwiftPackageProductDependency section */
	};
	rootObject = CA7A2835291F5BF0003B349D /* Project object */;
}
